
Microsoft Visual Studio Solution File, Format Version 12.00
# Visual Studio Version 17
VisualStudioVersion = 17.7.34024.191
MinimumVisualStudioVersion = 10.0.40219.1
Project("{FAE04EC0-301F-11D3-BF4B-00C04F79EFBC}") = "SMTP", "SMTP\SMTP.csproj", "{A91B3684-0F04-4A7A-AB29-6B287466B47A}"
EndProject
Global
	GlobalSection(SolutionConfigurationPlatforms) = preSolution
		Debug|Any CPU = Debug|Any CPU
		Release|Any CPU = Release|Any CPU
	EndGlobalSection
	GlobalSection(ProjectConfigurationPlatforms) = postSolution
		{A91B3684-0F04-4A7A-AB29-6B287466B47A}.Debug|Any CPU.ActiveCfg = Debug|Any CPU
		{A91B3684-0F04-4A7A-AB29-6B287466B47A}.Debug|Any CPU.Build.0 = Debug|Any CPU
		{A91B3684-0F04-4A7A-AB29-6B287466B47A}.Release|Any CPU.ActiveCfg = Release|Any CPU
		{A91B3684-0F04-4A7A-AB29-6B287466B47A}.Release|Any CPU.Build.0 = Release|Any CPU
	EndGlobalSection
	GlobalSection(SolutionProperties) = preSolution
		HideSolutionNode = FALSE
	EndGlobalSection
	GlobalSection(ExtensibilityGlobals) = postSolution
		SolutionGuid = {6EF1E636-0628-47B2-81A6-6488ED09654C}
	EndGlobalSection
EndGlobal
